
Microsoft Visual Studio Solution File, Format Version 12.00
# Visual Studio Version 16
VisualStudioVersion = 16.0.30320.27
MinimumVisualStudioVersion = 10.0.40219.1
Project("{9A19103F-16F7-4668-BE54-9A1E7A4F7556}") = "Edreams.OutlookMiddleware.Api", "Edreams.OutlookMiddleware.Api\Edreams.OutlookMiddleware.Api.csproj", "{6C3BD876-D441-4781-9FC4-1B0E2BC15018}"
EndProject
Project("{2150E333-8FDC-42A3-9474-1A3956D46DE8}") = "1. API", "1. API", "{84C56E02-0C68-407D-BA9F-3A4CDF242A74}"
EndProject
Project("{2150E333-8FDC-42A3-9474-1A3956D46DE8}") = "2. Services", "2. Services", "{435724F9-0E1D-4A3A-AAFB-BF431D024805}"
EndProject
Project("{2150E333-8FDC-42A3-9474-1A3956D46DE8}") = "3. Business Logic", "3. Business Logic", "{22D3B378-010D-464C-A8CC-12CB67DCAF74}"
EndProject
Project("{2150E333-8FDC-42A3-9474-1A3956D46DE8}") = "4. DataAccess", "4. DataAccess", "{F7A5CE55-1698-4DC9-A84D-08822462D471}"
EndProject
Project("{9A19103F-16F7-4668-BE54-9A1E7A4F7556}") = "Edreams.OutlookMiddleware.DataAccess", "Edreams.OutlookMiddleware.DataAccess\Edreams.OutlookMiddleware.DataAccess.csproj", "{68CAA1AC-C3AF-48C3-80A1-07D0CADED56F}"
EndProject
Project("{2150E333-8FDC-42A3-9474-1A3956D46DE8}") = "0. Common", "0. Common", "{6936B1E5-526F-45EC-BA61-408C1E38C8F7}"
EndProject
Project("{9A19103F-16F7-4668-BE54-9A1E7A4F7556}") = "Edreams.OutlookMiddleware.Model", "Edreams.OutlookMiddleware.Model\Edreams.OutlookMiddleware.Model.csproj", "{CBE6DBD3-258C-4766-A186-181D033B7A18}"
EndProject
Project("{9A19103F-16F7-4668-BE54-9A1E7A4F7556}") = "Edreams.OutlookMiddleware.DataTransferObjects", "Edreams.OutlookMiddleware.DataTransferObjects\Edreams.OutlookMiddleware.DataTransferObjects.csproj", "{C94CF16D-3E51-4726-BB7E-31995FE5EE86}"
EndProject
Project("{9A19103F-16F7-4668-BE54-9A1E7A4F7556}") = "Edreams.OutlookMiddleware.BusinessLogic", "Edreams.OutlookMiddleware.BusinessLogic\Edreams.OutlookMiddleware.BusinessLogic.csproj", "{64A6A9DF-7899-41D7-9719-2FDDEBA968E3}"
EndProject
Project("{9A19103F-16F7-4668-BE54-9A1E7A4F7556}") = "Edreams.OutlookMiddleware.Mapping", "Edreams.OutlookMiddleware.Mapping\Edreams.OutlookMiddleware.Mapping.csproj", "{B43B6C37-4D9E-4CC3-AC49-B4BE754B3DE6}"
EndProject
Project("{9A19103F-16F7-4668-BE54-9A1E7A4F7556}") = "Edreams.OutlookMiddleware.Common", "Edreams.OutlookMiddleware.Common\Edreams.OutlookMiddleware.Common.csproj", "{230E2808-2CE7-4FEE-90F1-4B78B9818451}"
EndProject
Project("{9A19103F-16F7-4668-BE54-9A1E7A4F7556}") = "Edreams.OutlookMiddleware.Services.Cleanup", "Edreams.OutlookMiddleware.Services.Cleanup\Edreams.OutlookMiddleware.Services.Cleanup.csproj", "{68A8D917-DA79-47DD-B5A4-40EF73065418}"
EndProject
Project("{9A19103F-16F7-4668-BE54-9A1E7A4F7556}") = "Edreams.OutlookMiddleware.Services.Notification", "Edreams.OutlookMiddleware.Services.Notification\Edreams.OutlookMiddleware.Services.Notification.csproj", "{1AA7DE7C-1E62-44C9-A9CB-AEF195486207}"
EndProject
Project("{9A19103F-16F7-4668-BE54-9A1E7A4F7556}") = "Edreams.OutlookMiddleware.Services.Categorization", "Edreams.OutlookMiddleware.Services.Categorization\Edreams.OutlookMiddleware.Services.Categorization.csproj", "{3FD3E0CD-228F-4685-8FDA-EF473754CF47}"
EndProject
Project("{9A19103F-16F7-4668-BE54-9A1E7A4F7556}") = "Edreams.OutlookMiddleware.Services.Upload.Scheduler", "Edreams.OutlookMiddleware.Services.Upload.Scheduler\Edreams.OutlookMiddleware.Services.Upload.Scheduler.csproj", "{AB906181-22D3-4145-AA43-1A1CDAEAD838}"
EndProject
Project("{9A19103F-16F7-4668-BE54-9A1E7A4F7556}") = "Edreams.OutlookMiddleware.Services.Upload.Engine", "Edreams.OutlookMiddleware.Services.Upload.Engine\Edreams.OutlookMiddleware.Services.Upload.Engine.csproj", "{2EBA4C7A-A9DA-44F7-8BF6-1927AF6A8AD2}"
EndProject
Project("{2150E333-8FDC-42A3-9474-1A3956D46DE8}") = "5. Tests", "5. Tests", "{FAC21692-03EE-42C2-81C7-7E2ACD3AA395}"
EndProject
Project("{9A19103F-16F7-4668-BE54-9A1E7A4F7556}") = "Edreams.OutlookMiddleware.Tests", "Edreams.OutlookMiddleware.Tests\Edreams.OutlookMiddleware.Tests.csproj", "{AC3AA331-2518-45A2-8244-CA7498F23B72}"
EndProject
Project("{9A19103F-16F7-4668-BE54-9A1E7A4F7556}") = "Edreams.OutlookMiddleware.Common.ServiceBus", "Edreams.OutlookMiddleware.Common.ServiceBus\Edreams.OutlookMiddleware.Common.ServiceBus.csproj", "{83009094-FF70-4DE1-B023-2F4D3165CAE2}"
EndProject
Project("{FAE04EC0-301F-11D3-BF4B-00C04F79EFBC}") = "Edreams.OutlookMiddleware.Enums", "Edreams.OutlookMiddleware.Enums\Edreams.OutlookMiddleware.Enums.csproj", "{5C8EABA3-843A-43BD-BCB2-6D9783655C6A}"
EndProject
Global
	GlobalSection(SolutionConfigurationPlatforms) = preSolution
		Debug|Any CPU = Debug|Any CPU
		Release|Any CPU = Release|Any CPU
	EndGlobalSection
	GlobalSection(ProjectConfigurationPlatforms) = postSolution
		{6C3BD876-D441-4781-9FC4-1B0E2BC15018}.Debug|Any CPU.ActiveCfg = Debug|Any CPU
		{6C3BD876-D441-4781-9FC4-1B0E2BC15018}.Debug|Any CPU.Build.0 = Debug|Any CPU
		{6C3BD876-D441-4781-9FC4-1B0E2BC15018}.Release|Any CPU.ActiveCfg = Release|Any CPU
		{6C3BD876-D441-4781-9FC4-1B0E2BC15018}.Release|Any CPU.Build.0 = Release|Any CPU
		{68CAA1AC-C3AF-48C3-80A1-07D0CADED56F}.Debug|Any CPU.ActiveCfg = Debug|Any CPU
		{68CAA1AC-C3AF-48C3-80A1-07D0CADED56F}.Debug|Any CPU.Build.0 = Debug|Any CPU
		{68CAA1AC-C3AF-48C3-80A1-07D0CADED56F}.Release|Any CPU.ActiveCfg = Release|Any CPU
		{68CAA1AC-C3AF-48C3-80A1-07D0CADED56F}.Release|Any CPU.Build.0 = Release|Any CPU
		{CBE6DBD3-258C-4766-A186-181D033B7A18}.Debug|Any CPU.ActiveCfg = Debug|Any CPU
		{CBE6DBD3-258C-4766-A186-181D033B7A18}.Debug|Any CPU.Build.0 = Debug|Any CPU
		{CBE6DBD3-258C-4766-A186-181D033B7A18}.Release|Any CPU.ActiveCfg = Release|Any CPU
		{CBE6DBD3-258C-4766-A186-181D033B7A18}.Release|Any CPU.Build.0 = Release|Any CPU
		{C94CF16D-3E51-4726-BB7E-31995FE5EE86}.Debug|Any CPU.ActiveCfg = Debug|Any CPU
		{C94CF16D-3E51-4726-BB7E-31995FE5EE86}.Debug|Any CPU.Build.0 = Debug|Any CPU
		{C94CF16D-3E51-4726-BB7E-31995FE5EE86}.Release|Any CPU.ActiveCfg = Release|Any CPU
		{C94CF16D-3E51-4726-BB7E-31995FE5EE86}.Release|Any CPU.Build.0 = Release|Any CPU
		{64A6A9DF-7899-41D7-9719-2FDDEBA968E3}.Debug|Any CPU.ActiveCfg = Debug|Any CPU
		{64A6A9DF-7899-41D7-9719-2FDDEBA968E3}.Debug|Any CPU.Build.0 = Debug|Any CPU
		{64A6A9DF-7899-41D7-9719-2FDDEBA968E3}.Release|Any CPU.ActiveCfg = Release|Any CPU
		{64A6A9DF-7899-41D7-9719-2FDDEBA968E3}.Release|Any CPU.Build.0 = Release|Any CPU
		{B43B6C37-4D9E-4CC3-AC49-B4BE754B3DE6}.Debug|Any CPU.ActiveCfg = Debug|Any CPU
		{B43B6C37-4D9E-4CC3-AC49-B4BE754B3DE6}.Debug|Any CPU.Build.0 = Debug|Any CPU
		{B43B6C37-4D9E-4CC3-AC49-B4BE754B3DE6}.Release|Any CPU.ActiveCfg = Release|Any CPU
		{B43B6C37-4D9E-4CC3-AC49-B4BE754B3DE6}.Release|Any CPU.Build.0 = Release|Any CPU
		{230E2808-2CE7-4FEE-90F1-4B78B9818451}.Debug|Any CPU.ActiveCfg = Debug|Any CPU
		{230E2808-2CE7-4FEE-90F1-4B78B9818451}.Debug|Any CPU.Build.0 = Debug|Any CPU
		{230E2808-2CE7-4FEE-90F1-4B78B9818451}.Release|Any CPU.ActiveCfg = Release|Any CPU
		{230E2808-2CE7-4FEE-90F1-4B78B9818451}.Release|Any CPU.Build.0 = Release|Any CPU
		{68A8D917-DA79-47DD-B5A4-40EF73065418}.Debug|Any CPU.ActiveCfg = Debug|Any CPU
		{68A8D917-DA79-47DD-B5A4-40EF73065418}.Debug|Any CPU.Build.0 = Debug|Any CPU
		{68A8D917-DA79-47DD-B5A4-40EF73065418}.Release|Any CPU.ActiveCfg = Release|Any CPU
		{68A8D917-DA79-47DD-B5A4-40EF73065418}.Release|Any CPU.Build.0 = Release|Any CPU
		{1AA7DE7C-1E62-44C9-A9CB-AEF195486207}.Debug|Any CPU.ActiveCfg = Debug|Any CPU
		{1AA7DE7C-1E62-44C9-A9CB-AEF195486207}.Debug|Any CPU.Build.0 = Debug|Any CPU
		{1AA7DE7C-1E62-44C9-A9CB-AEF195486207}.Release|Any CPU.ActiveCfg = Release|Any CPU
		{1AA7DE7C-1E62-44C9-A9CB-AEF195486207}.Release|Any CPU.Build.0 = Release|Any CPU
		{3FD3E0CD-228F-4685-8FDA-EF473754CF47}.Debug|Any CPU.ActiveCfg = Debug|Any CPU
		{3FD3E0CD-228F-4685-8FDA-EF473754CF47}.Debug|Any CPU.Build.0 = Debug|Any CPU
		{3FD3E0CD-228F-4685-8FDA-EF473754CF47}.Release|Any CPU.ActiveCfg = Release|Any CPU
		{3FD3E0CD-228F-4685-8FDA-EF473754CF47}.Release|Any CPU.Build.0 = Release|Any CPU
		{AB906181-22D3-4145-AA43-1A1CDAEAD838}.Debug|Any CPU.ActiveCfg = Debug|Any CPU
		{AB906181-22D3-4145-AA43-1A1CDAEAD838}.Debug|Any CPU.Build.0 = Debug|Any CPU
		{AB906181-22D3-4145-AA43-1A1CDAEAD838}.Release|Any CPU.ActiveCfg = Release|Any CPU
		{AB906181-22D3-4145-AA43-1A1CDAEAD838}.Release|Any CPU.Build.0 = Release|Any CPU
		{2EBA4C7A-A9DA-44F7-8BF6-1927AF6A8AD2}.Debug|Any CPU.ActiveCfg = Debug|Any CPU
		{2EBA4C7A-A9DA-44F7-8BF6-1927AF6A8AD2}.Debug|Any CPU.Build.0 = Debug|Any CPU
		{2EBA4C7A-A9DA-44F7-8BF6-1927AF6A8AD2}.Release|Any CPU.ActiveCfg = Release|Any CPU
		{2EBA4C7A-A9DA-44F7-8BF6-1927AF6A8AD2}.Release|Any CPU.Build.0 = Release|Any CPU
		{AC3AA331-2518-45A2-8244-CA7498F23B72}.Debug|Any CPU.ActiveCfg = Debug|Any CPU
		{AC3AA331-2518-45A2-8244-CA7498F23B72}.Debug|Any CPU.Build.0 = Debug|Any CPU
		{AC3AA331-2518-45A2-8244-CA7498F23B72}.Release|Any CPU.ActiveCfg = Release|Any CPU
		{AC3AA331-2518-45A2-8244-CA7498F23B72}.Release|Any CPU.Build.0 = Release|Any CPU
		{83009094-FF70-4DE1-B023-2F4D3165CAE2}.Debug|Any CPU.ActiveCfg = Debug|Any CPU
		{83009094-FF70-4DE1-B023-2F4D3165CAE2}.Debug|Any CPU.Build.0 = Debug|Any CPU
		{83009094-FF70-4DE1-B023-2F4D3165CAE2}.Release|Any CPU.ActiveCfg = Release|Any CPU
		{83009094-FF70-4DE1-B023-2F4D3165CAE2}.Release|Any CPU.Build.0 = Release|Any CPU
		{5C8EABA3-843A-43BD-BCB2-6D9783655C6A}.Debug|Any CPU.ActiveCfg = Debug|Any CPU
		{5C8EABA3-843A-43BD-BCB2-6D9783655C6A}.Debug|Any CPU.Build.0 = Debug|Any CPU
		{5C8EABA3-843A-43BD-BCB2-6D9783655C6A}.Release|Any CPU.ActiveCfg = Release|Any CPU
		{5C8EABA3-843A-43BD-BCB2-6D9783655C6A}.Release|Any CPU.Build.0 = Release|Any CPU
	EndGlobalSection
	GlobalSection(SolutionProperties) = preSolution
		HideSolutionNode = FALSE
	EndGlobalSection
	GlobalSection(NestedProjects) = preSolution
		{6C3BD876-D441-4781-9FC4-1B0E2BC15018} = {84C56E02-0C68-407D-BA9F-3A4CDF242A74}
		{68CAA1AC-C3AF-48C3-80A1-07D0CADED56F} = {F7A5CE55-1698-4DC9-A84D-08822462D471}
		{CBE6DBD3-258C-4766-A186-181D033B7A18} = {6936B1E5-526F-45EC-BA61-408C1E38C8F7}
		{C94CF16D-3E51-4726-BB7E-31995FE5EE86} = {6936B1E5-526F-45EC-BA61-408C1E38C8F7}
		{64A6A9DF-7899-41D7-9719-2FDDEBA968E3} = {22D3B378-010D-464C-A8CC-12CB67DCAF74}
		{B43B6C37-4D9E-4CC3-AC49-B4BE754B3DE6} = {22D3B378-010D-464C-A8CC-12CB67DCAF74}
		{230E2808-2CE7-4FEE-90F1-4B78B9818451} = {6936B1E5-526F-45EC-BA61-408C1E38C8F7}
		{68A8D917-DA79-47DD-B5A4-40EF73065418} = {435724F9-0E1D-4A3A-AAFB-BF431D024805}
		{1AA7DE7C-1E62-44C9-A9CB-AEF195486207} = {435724F9-0E1D-4A3A-AAFB-BF431D024805}
		{3FD3E0CD-228F-4685-8FDA-EF473754CF47} = {435724F9-0E1D-4A3A-AAFB-BF431D024805}
		{AB906181-22D3-4145-AA43-1A1CDAEAD838} = {435724F9-0E1D-4A3A-AAFB-BF431D024805}
		{2EBA4C7A-A9DA-44F7-8BF6-1927AF6A8AD2} = {435724F9-0E1D-4A3A-AAFB-BF431D024805}
		{AC3AA331-2518-45A2-8244-CA7498F23B72} = {FAC21692-03EE-42C2-81C7-7E2ACD3AA395}
		{83009094-FF70-4DE1-B023-2F4D3165CAE2} = {6936B1E5-526F-45EC-BA61-408C1E38C8F7}
		{5C8EABA3-843A-43BD-BCB2-6D9783655C6A} = {6936B1E5-526F-45EC-BA61-408C1E38C8F7}
	EndGlobalSection
	GlobalSection(ExtensibilityGlobals) = postSolution
		SolutionGuid = {435DC40D-8E75-47A2-AB30-CFC3A9F47946}
	EndGlobalSection
EndGlobal
